// !$*UTF8*$!
{
	archiveVersion = 1;
	classes = {
	};
	objectVersion = 46;
	objects = {

/* Begin PBXAggregateTarget section */
		24416B8111C4CA220047AFDD /* Build & Test */ = {
			isa = PBXAggregateTarget;
			buildConfigurationList = 24416B8A11C4CA520047AFDD /* Build configuration list for PBXAggregateTarget "Build & Test" */;
			buildPhases = (
				24416B8011C4CA220047AFDD /* ShellScript */,
			);
			dependencies = (
				24416B8511C4CA280047AFDD /* PBXTargetDependency */,
			);
			name = "Build & Test";
			productName = "Build & test";
		};
		61CFD939141A28B000CE3517 /* Build & Install */ = {
			isa = PBXAggregateTarget;
			buildConfigurationList = 61CFD93D141A28B000CE3517 /* Build configuration list for PBXAggregateTarget "Build & Install" */;
			buildPhases = (
				61CFD93C141A28B000CE3517 /* ShellScript */,
			);
			dependencies = (
				61CFD93A141A28B000CE3517 /* PBXTargetDependency */,
			);
			name = "Build & Install";
			productName = "Build & test";
		};
/* End PBXAggregateTarget section */

/* Begin PBXBuildFile section */
		24DD6CF91134B3F500162E58 /* ComSemanticpressTidoublesliderModule.h in Headers */ = {isa = PBXBuildFile; fileRef = 24DD6CF71134B3F500162E58 /* ComSemanticpressTidoublesliderModule.h */; };
		24DD6CFA1134B3F500162E58 /* ComSemanticpressTidoublesliderModule.m in Sources */ = {isa = PBXBuildFile; fileRef = 24DD6CF81134B3F500162E58 /* ComSemanticpressTidoublesliderModule.m */; };
		24DE9E1111C5FE74003F90F6 /* ComSemanticpressTidoublesliderModuleAssets.h in Headers */ = {isa = PBXBuildFile; fileRef = 24DE9E0F11C5FE74003F90F6 /* ComSemanticpressTidoublesliderModuleAssets.h */; };
		24DE9E1211C5FE74003F90F6 /* ComSemanticpressTidoublesliderModuleAssets.m in Sources */ = {isa = PBXBuildFile; fileRef = 24DE9E1011C5FE74003F90F6 /* ComSemanticpressTidoublesliderModuleAssets.m */; };
		61CFD9B4141A3BC800CE3517 /* ComSemanticpressTidoublesliderSlider.h in Headers */ = {isa = PBXBuildFile; fileRef = 61CFD9B2141A3BC800CE3517 /* ComSemanticpressTidoublesliderSlider.h */; };
		61CFD9B5141A3BC800CE3517 /* ComSemanticpressTidoublesliderSlider.m in Sources */ = {isa = PBXBuildFile; fileRef = 61CFD9B3141A3BC800CE3517 /* ComSemanticpressTidoublesliderSlider.m */; };
		61CFD9B9141A3C3D00CE3517 /* ComSemanticpressTidoublesliderSliderProxy.h in Headers */ = {isa = PBXBuildFile; fileRef = 61CFD9B7141A3C3D00CE3517 /* ComSemanticpressTidoublesliderSliderProxy.h */; };
		61CFD9BA141A3C3D00CE3517 /* ComSemanticpressTidoublesliderSliderProxy.m in Sources */ = {isa = PBXBuildFile; fileRef = 61CFD9B8141A3C3D00CE3517 /* ComSemanticpressTidoublesliderSliderProxy.m */; };
		AA747D9F0F9514B9006C5449 /* ComSemanticpressTidoubleslider_Prefix.pch in Headers */ = {isa = PBXBuildFile; fileRef = AA747D9E0F9514B9006C5449 /* ComSemanticpressTidoubleslider_Prefix.pch */; };
		AACBBE4A0F95108600F1A2B1 /* Foundation.framework in Frameworks */ = {isa = PBXBuildFile; fileRef = AACBBE490F95108600F1A2B1 /* Foundation.framework */; };
/* End PBXBuildFile section */

/* Begin PBXContainerItemProxy section */
		24416B8411C4CA280047AFDD /* PBXContainerItemProxy */ = {
			isa = PBXContainerItemProxy;
			containerPortal = 0867D690FE84028FC02AAC07 /* Project object */;
			proxyType = 1;
			remoteGlobalIDString = D2AAC07D0554694100DB518D;
			remoteInfo = tidoubleslider;
		};
		61CFD93B141A28B000CE3517 /* PBXContainerItemProxy */ = {
			isa = PBXContainerItemProxy;
			containerPortal = 0867D690FE84028FC02AAC07 /* Project object */;
			proxyType = 1;
			remoteGlobalIDString = D2AAC07D0554694100DB518D;
			remoteInfo = tidoubleslider;
		};
/* End PBXContainerItemProxy section */

/* Begin PBXFileReference section */
		24DD6CF71134B3F500162E58 /* ComSemanticpressTidoublesliderModule.h */ = {isa = PBXFileReference; fileEncoding = 4; lastKnownFileType = sourcecode.c.h; name = ComSemanticpressTidoublesliderModule.h; path = Classes/ComSemanticpressTidoublesliderModule.h; sourceTree = "<group>"; };
		24DD6CF81134B3F500162E58 /* ComSemanticpressTidoublesliderModule.m */ = {isa = PBXFileReference; fileEncoding = 4; lastKnownFileType = sourcecode.c.objc; name = ComSemanticpressTidoublesliderModule.m; path = Classes/ComSemanticpressTidoublesliderModule.m; sourceTree = "<group>"; };
		24DD6D1B1134B66800162E58 /* titanium.xcconfig */ = {isa = PBXFileReference; fileEncoding = 4; lastKnownFileType = text.xcconfig; path = titanium.xcconfig; sourceTree = "<group>"; };
		24DE9E0F11C5FE74003F90F6 /* ComSemanticpressTidoublesliderModuleAssets.h */ = {isa = PBXFileReference; fileEncoding = 4; lastKnownFileType = sourcecode.c.h; name = ComSemanticpressTidoublesliderModuleAssets.h; path = Classes/ComSemanticpressTidoublesliderModuleAssets.h; sourceTree = "<group>"; };
		24DE9E1011C5FE74003F90F6 /* ComSemanticpressTidoublesliderModuleAssets.m */ = {isa = PBXFileReference; fileEncoding = 4; lastKnownFileType = sourcecode.c.objc; name = ComSemanticpressTidoublesliderModuleAssets.m; path = Classes/ComSemanticpressTidoublesliderModuleAssets.m; sourceTree = "<group>"; };
		61CFD9B2141A3BC800CE3517 /* ComSemanticpressTidoublesliderSlider.h */ = {isa = PBXFileReference; fileEncoding = 4; lastKnownFileType = sourcecode.c.h; name = ComSemanticpressTidoublesliderSlider.h; path = Classes/ComSemanticpressTidoublesliderSlider.h; sourceTree = "<group>"; };
		61CFD9B3141A3BC800CE3517 /* ComSemanticpressTidoublesliderSlider.m */ = {isa = PBXFileReference; fileEncoding = 4; lastKnownFileType = sourcecode.c.objc; name = ComSemanticpressTidoublesliderSlider.m; path = Classes/ComSemanticpressTidoublesliderSlider.m; sourceTree = "<group>"; };
		61CFD9B7141A3C3D00CE3517 /* ComSemanticpressTidoublesliderSliderProxy.h */ = {isa = PBXFileReference; fileEncoding = 4; lastKnownFileType = sourcecode.c.h; path = ComSemanticpressTidoublesliderSliderProxy.h; sourceTree = "<group>"; };
		61CFD9B8141A3C3D00CE3517 /* ComSemanticpressTidoublesliderSliderProxy.m */ = {isa = PBXFileReference; fileEncoding = 4; lastKnownFileType = sourcecode.c.objc; path = ComSemanticpressTidoublesliderSliderProxy.m; sourceTree = "<group>"; };
		AA747D9E0F9514B9006C5449 /* ComSemanticpressTidoubleslider_Prefix.pch */ = {isa = PBXFileReference; fileEncoding = 4; lastKnownFileType = sourcecode.c.h; path = ComSemanticpressTidoubleslider_Prefix.pch; sourceTree = SOURCE_ROOT; };
		AACBBE490F95108600F1A2B1 /* Foundation.framework */ = {isa = PBXFileReference; lastKnownFileType = wrapper.framework; name = Foundation.framework; path = System/Library/Frameworks/Foundation.framework; sourceTree = SDKROOT; };
		D2AAC07E0554694100DB518D /* libComSemanticpressTidoubleslider.a */ = {isa = PBXFileReference; explicitFileType = archive.ar; includeInIndex = 0; path = libComSemanticpressTidoubleslider.a; sourceTree = BUILT_PRODUCTS_DIR; };
/* End PBXFileReference section */

/* Begin PBXFrameworksBuildPhase section */
		D2AAC07C0554694100DB518D /* Frameworks */ = {
			isa = PBXFrameworksBuildPhase;
			buildActionMask = 2147483647;
			files = (
				AACBBE4A0F95108600F1A2B1 /* Foundation.framework in Frameworks */,
			);
			runOnlyForDeploymentPostprocessing = 0;
		};
/* End PBXFrameworksBuildPhase section */

/* Begin PBXGroup section */
		034768DFFF38A50411DB9C8B /* Products */ = {
			isa = PBXGroup;
			children = (
				D2AAC07E0554694100DB518D /* libComSemanticpressTidoubleslider.a */,
			);
			name = Products;
			sourceTree = "<group>";
		};
		0867D691FE84028FC02AAC07 /* tidoubleslider */ = {
			isa = PBXGroup;
			children = (
				08FB77AEFE84172EC02AAC07 /* Classes */,
				32C88DFF0371C24200C91783 /* Other Sources */,
				0867D69AFE84028FC02AAC07 /* Frameworks */,
				034768DFFF38A50411DB9C8B /* Products */,
			);
			name = tidoubleslider;
			sourceTree = "<group>";
		};
		0867D69AFE84028FC02AAC07 /* Frameworks */ = {
			isa = PBXGroup;
			children = (
				AACBBE490F95108600F1A2B1 /* Foundation.framework */,
			);
			name = Frameworks;
			sourceTree = "<group>";
		};
		08FB77AEFE84172EC02AAC07 /* Classes */ = {
			isa = PBXGroup;
			children = (
				24DE9E0F11C5FE74003F90F6 /* ComSemanticpressTidoublesliderModuleAssets.h */,
				24DE9E1011C5FE74003F90F6 /* ComSemanticpressTidoublesliderModuleAssets.m */,
				24DD6CF71134B3F500162E58 /* ComSemanticpressTidoublesliderModule.h */,
				24DD6CF81134B3F500162E58 /* ComSemanticpressTidoublesliderModule.m */,
				61CFD9B2141A3BC800CE3517 /* ComSemanticpressTidoublesliderSlider.h */,
				61CFD9B3141A3BC800CE3517 /* ComSemanticpressTidoublesliderSlider.m */,
				61CFD9B7141A3C3D00CE3517 /* ComSemanticpressTidoublesliderSliderProxy.h */,
				61CFD9B8141A3C3D00CE3517 /* ComSemanticpressTidoublesliderSliderProxy.m */,
			);
			name = Classes;
			sourceTree = "<group>";
		};
		32C88DFF0371C24200C91783 /* Other Sources */ = {
			isa = PBXGroup;
			children = (
				AA747D9E0F9514B9006C5449 /* ComSemanticpressTidoubleslider_Prefix.pch */,
				24DD6D1B1134B66800162E58 /* titanium.xcconfig */,
			);
			name = "Other Sources";
			sourceTree = "<group>";
		};
/* End PBXGroup section */

/* Begin PBXHeadersBuildPhase section */
		D2AAC07A0554694100DB518D /* Headers */ = {
			isa = PBXHeadersBuildPhase;
			buildActionMask = 2147483647;
			files = (
				AA747D9F0F9514B9006C5449 /* ComSemanticpressTidoubleslider_Prefix.pch in Headers */,
				24DD6CF91134B3F500162E58 /* ComSemanticpressTidoublesliderModule.h in Headers */,
				24DE9E1111C5FE74003F90F6 /* ComSemanticpressTidoublesliderModuleAssets.h in Headers */,
				61CFD9B4141A3BC800CE3517 /* ComSemanticpressTidoublesliderSlider.h in Headers */,
				61CFD9B9141A3C3D00CE3517 /* ComSemanticpressTidoublesliderSliderProxy.h in Headers */,
			);
			runOnlyForDeploymentPostprocessing = 0;
		};
/* End PBXHeadersBuildPhase section */

/* Begin PBXNativeTarget section */
		D2AAC07D0554694100DB518D /* tidoubleslider */ = {
			isa = PBXNativeTarget;
			buildConfigurationList = 1DEB921E08733DC00010E9CD /* Build configuration list for PBXNativeTarget "tidoubleslider" */;
			buildPhases = (
				D2AAC07A0554694100DB518D /* Headers */,
				D2AAC07B0554694100DB518D /* Sources */,
				D2AAC07C0554694100DB518D /* Frameworks */,
			);
			buildRules = (
			);
			dependencies = (
			);
			name = tidoubleslider;
			productName = tidoubleslider;
			productReference = D2AAC07E0554694100DB518D /* libComSemanticpressTidoubleslider.a */;
			productType = "com.apple.product-type.library.static";
		};
/* End PBXNativeTarget section */

/* Begin PBXProject section */
		0867D690FE84028FC02AAC07 /* Project object */ = {
			isa = PBXProject;
			attributes = {
				LastUpgradeCheck = 0610;
			};
			buildConfigurationList = 1DEB922208733DC00010E9CD /* Build configuration list for PBXProject "tidoubleslider" */;
			compatibilityVersion = "Xcode 3.2";
			developmentRegion = English;
			hasScannedForEncodings = 1;
			knownRegions = (
				English,
				Japanese,
				French,
				German,
			);
			mainGroup = 0867D691FE84028FC02AAC07 /* tidoubleslider */;
			productRefGroup = 034768DFFF38A50411DB9C8B /* Products */;
			projectDirPath = "";
			projectRoot = "";
			targets = (
				D2AAC07D0554694100DB518D /* tidoubleslider */,
				24416B8111C4CA220047AFDD /* Build & Test */,
				61CFD939141A28B000CE3517 /* Build & Install */,
			);
		};
/* End PBXProject section */

/* Begin PBXShellScriptBuildPhase section */
		24416B8011C4CA220047AFDD /* ShellScript */ = {
			isa = PBXShellScriptBuildPhase;
			buildActionMask = 2147483647;
			files = (
			);
			inputPaths = (
			);
			outputPaths = (
			);
			runOnlyForDeploymentPostprocessing = 0;
			shellPath = /bin/sh;
			shellScript = "# shell script goes here\n\npython \"${TITANIUM_SDK}/titanium.py\" run --dir=\"${PROJECT_DIR}\"\nexit $?\n";
		};
		61CFD93C141A28B000CE3517 /* ShellScript */ = {
			isa = PBXShellScriptBuildPhase;
			buildActionMask = 2147483647;
			files = (
			);
			inputPaths = (
			);
			outputPaths = (
			);
			runOnlyForDeploymentPostprocessing = 0;
			shellPath = /bin/sh;
			shellScript = "cd \"${PROJECT_DIR}\"\n./build.py\ncd tidoublesliderdemo\nunzip -o ../com.semanticpress.tidoubleslider-iphone-0.1.zip\nexit $?\n";
		};
/* End PBXShellScriptBuildPhase section */

/* Begin PBXSourcesBuildPhase section */
		D2AAC07B0554694100DB518D /* Sources */ = {
			isa = PBXSourcesBuildPhase;
			buildActionMask = 2147483647;
			files = (
				24DD6CFA1134B3F500162E58 /* ComSemanticpressTidoublesliderModule.m in Sources */,
				24DE9E1211C5FE74003F90F6 /* ComSemanticpressTidoublesliderModuleAssets.m in Sources */,
				61CFD9B5141A3BC800CE3517 /* ComSemanticpressTidoublesliderSlider.m in Sources */,
				61CFD9BA141A3C3D00CE3517 /* ComSemanticpressTidoublesliderSliderProxy.m in Sources */,
			);
			runOnlyForDeploymentPostprocessing = 0;
		};
/* End PBXSourcesBuildPhase section */

/* Begin PBXTargetDependency section */
		24416B8511C4CA280047AFDD /* PBXTargetDependency */ = {
			isa = PBXTargetDependency;
			target = D2AAC07D0554694100DB518D /* tidoubleslider */;
			targetProxy = 24416B8411C4CA280047AFDD /* PBXContainerItemProxy */;
		};
		61CFD93A141A28B000CE3517 /* PBXTargetDependency */ = {
			isa = PBXTargetDependency;
			target = D2AAC07D0554694100DB518D /* tidoubleslider */;
			targetProxy = 61CFD93B141A28B000CE3517 /* PBXContainerItemProxy */;
		};
/* End PBXTargetDependency section */

/* Begin XCBuildConfiguration section */
		1DEB921F08733DC00010E9CD /* Debug */ = {
			isa = XCBuildConfiguration;
			baseConfigurationReference = 24DD6D1B1134B66800162E58 /* titanium.xcconfig */;
			buildSettings = {
				ALWAYS_SEARCH_USER_PATHS = NO;
				COPY_PHASE_STRIP = NO;
				DSTROOT = /tmp/ComSemanticpressTidoubleslider.dst;
				GCC_DYNAMIC_NO_PIC = NO;
				GCC_ENABLE_FIX_AND_CONTINUE = YES;
				GCC_MODEL_TUNING = G5;
				GCC_OPTIMIZATION_LEVEL = 0;
				GCC_PRECOMPILE_PREFIX_HEADER = YES;
				GCC_PREFIX_HEADER = ComSemanticpressTidoubleslider_Prefix.pch;
				INSTALL_PATH = /usr/local/lib;
				PRODUCT_NAME = ComSemanticpressTidoubleslider;
			};
			name = Debug;
		};
		1DEB922008733DC00010E9CD /* Release */ = {
			isa = XCBuildConfiguration;
			baseConfigurationReference = 24DD6D1B1134B66800162E58 /* titanium.xcconfig */;
			buildSettings = {
				ALWAYS_SEARCH_USER_PATHS = NO;
				DSTROOT = /tmp/ComSemanticpressTidoubleslider.dst;
				GCC_MODEL_TUNING = G5;
				GCC_PRECOMPILE_PREFIX_HEADER = YES;
				GCC_PREFIX_HEADER = ComSemanticpressTidoubleslider_Prefix.pch;
				INSTALL_PATH = /usr/local/lib;
				PRODUCT_NAME = ComSemanticpressTidoubleslider;
			};
			name = Release;
		};
		1DEB922308733DC00010E9CD /* Debug */ = {
			isa = XCBuildConfiguration;
			baseConfigurationReference = 24DD6D1B1134B66800162E58 /* titanium.xcconfig */;
			buildSettings = {
				GCC_C_LANGUAGE_STANDARD = c99;
				GCC_OPTIMIZATION_LEVEL = 0;
				GCC_WARN_ABOUT_RETURN_TYPE = YES;
				GCC_WARN_UNUSED_VARIABLE = YES;
				ONLY_ACTIVE_ARCH = YES;
				OTHER_LDFLAGS = "";
				PREBINDING = NO;
				SDKROOT = iphoneos;
			};
			name = Debug;
		};
		1DEB922408733DC00010E9CD /* Release */ = {
			isa = XCBuildConfiguration;
			baseConfigurationReference = 24DD6D1B1134B66800162E58 /* titanium.xcconfig */;
			buildSettings = {
				GCC_C_LANGUAGE_STANDARD = c99;
				GCC_WARN_ABOUT_RETURN_TYPE = YES;
				GCC_WARN_UNUSED_VARIABLE = YES;
				OTHER_LDFLAGS = "";
				PREBINDING = NO;
				SDKROOT = iphoneos;
			};
			name = Release;
		};
		24416B8211C4CA220047AFDD /* Debug */ = {
			isa = XCBuildConfiguration;
			baseConfigurationReference = 24DD6D1B1134B66800162E58 /* titanium.xcconfig */;
			buildSettings = {
				COPY_PHASE_STRIP = NO;
				GCC_DYNAMIC_NO_PIC = NO;
				GCC_OPTIMIZATION_LEVEL = 0;
				PRODUCT_NAME = "Build & test";
			};
			name = Debug;
		};
		24416B8311C4CA220047AFDD /* Release */ = {
			isa = XCBuildConfiguration;
			baseConfigurationReference = 24DD6D1B1134B66800162E58 /* titanium.xcconfig */;
			buildSettings = {
				COPY_PHASE_STRIP = YES;
				DEBUG_INFORMATION_FORMAT = "dwarf-with-dsym";
				GCC_ENABLE_FIX_AND_CONTINUE = NO;
				PRODUCT_NAME = "Build & test";
				ZERO_LINK = NO;
			};
			name = Release;
		};
		61CFD93E141A28B000CE3517 /* Debug */ = {
			isa = XCBuildConfiguration;
			baseConfigurationReference = 24DD6D1B1134B66800162E58 /* titanium.xcconfig */;
			buildSettings = {
				COPY_PHASE_STRIP = NO;
				GCC_DYNAMIC_NO_PIC = NO;
				GCC_OPTIMIZATION_LEVEL = 0;
				PRODUCT_NAME = "Build & Test copy";
			};
			name = Debug;
		};
		61CFD93F141A28B000CE3517 /* Release */ = {
			isa = XCBuildConfiguration;
			baseConfigurationReference = 24DD6D1B1134B66800162E58 /* titanium.xcconfig */;
			buildSettings = {
				COPY_PHASE_STRIP = YES;
				DEBUG_INFORMATION_FORMAT = "dwarf-with-dsym";
				GCC_ENABLE_FIX_AND_CONTINUE = NO;
				PRODUCT_NAME = "Build & Test copy";
				ZERO_LINK = NO;
			};
			name = Release;
		};
/* End XCBuildConfiguration section */

/* Begin XCConfigurationList section */
		1DEB921E08733DC00010E9CD /* Build configuration list for PBXNativeTarget "tidoubleslider" */ = {
			isa = XCConfigurationList;
			buildConfigurations = (
				1DEB921F08733DC00010E9CD /* Debug */,
				1DEB922008733DC00010E9CD /* Release */,
			);
			defaultConfigurationIsVisible = 0;
			defaultConfigurationName = Release;
		};
		1DEB922208733DC00010E9CD /* Build configuration list for PBXProject "tidoubleslider" */ = {
			isa = XCConfigurationList;
			buildConfigurations = (
				1DEB922308733DC00010E9CD /* Debug */,
				1DEB922408733DC00010E9CD /* Release */,
			);
			defaultConfigurationIsVisible = 0;
			defaultConfigurationName = Release;
		};
		24416B8A11C4CA520047AFDD /* Build configuration list for PBXAggregateTarget "Build & Test" */ = {
			isa = XCConfigurationList;
			buildConfigurations = (
				24416B8211C4CA220047AFDD /* Debug */,
				24416B8311C4CA220047AFDD /* Release */,
			);
			defaultConfigurationIsVisible = 0;
			defaultConfigurationName = Release;
		};
		61CFD93D141A28B000CE3517 /* Build configuration list for PBXAggregateTarget "Build & Install" */ = {
			isa = XCConfigurationList;
			buildConfigurations = (
				61CFD93E141A28B000CE3517 /* Debug */,
				61CFD93F141A28B000CE3517 /* Release */,
			);
			defaultConfigurationIsVisible = 0;
			defaultConfigurationName = Release;
		};
/* End XCConfigurationList section */
	};
	rootObject = 0867D690FE84028FC02AAC07 /* Project object */;
}
